
Microsoft Visual Studio Solution File, Format Version 12.00
# Visual Studio Version 16
VisualStudioVersion = 16.0.31112.23
MinimumVisualStudioVersion = 10.0.40219.1
Project("{9A19103F-16F7-4668-BE54-9A1E7A4F7556}") = "API", "API\API.csproj", "{69C5173F-6958-4E98-86CE-2A855E343A7D}"
EndProject
Project("{FAE04EC0-301F-11D3-BF4B-00C04F79EFBC}") = "Core", "Core\Core.csproj", "{6932A67A-09A7-4E70-A3C5-4C11952C7EFA}"
EndProject
Project("{FAE04EC0-301F-11D3-BF4B-00C04F79EFBC}") = "Infrastructure", "Infrastructure\Infrastructure.csproj", "{CC0F9514-5F1C-4751-8CC0-E490FF31C60E}"
EndProject
Global
	GlobalSection(SolutionConfigurationPlatforms) = preSolution
		Debug|Any CPU = Debug|Any CPU
		Release|Any CPU = Release|Any CPU
	EndGlobalSection
	GlobalSection(ProjectConfigurationPlatforms) = postSolution
		{69C5173F-6958-4E98-86CE-2A855E343A7D}.Debug|Any CPU.ActiveCfg = Debug|Any CPU
		{69C5173F-6958-4E98-86CE-2A855E343A7D}.Debug|Any CPU.Build.0 = Debug|Any CPU
		{69C5173F-6958-4E98-86CE-2A855E343A7D}.Release|Any CPU.ActiveCfg = Release|Any CPU
		{69C5173F-6958-4E98-86CE-2A855E343A7D}.Release|Any CPU.Build.0 = Release|Any CPU
		{6932A67A-09A7-4E70-A3C5-4C11952C7EFA}.Debug|Any CPU.ActiveCfg = Debug|Any CPU
		{6932A67A-09A7-4E70-A3C5-4C11952C7EFA}.Debug|Any CPU.Build.0 = Debug|Any CPU
		{6932A67A-09A7-4E70-A3C5-4C11952C7EFA}.Release|Any CPU.ActiveCfg = Release|Any CPU
		{6932A67A-09A7-4E70-A3C5-4C11952C7EFA}.Release|Any CPU.Build.0 = Release|Any CPU
		{CC0F9514-5F1C-4751-8CC0-E490FF31C60E}.Debug|Any CPU.ActiveCfg = Debug|Any CPU
		{CC0F9514-5F1C-4751-8CC0-E490FF31C60E}.Debug|Any CPU.Build.0 = Debug|Any CPU
		{CC0F9514-5F1C-4751-8CC0-E490FF31C60E}.Release|Any CPU.ActiveCfg = Release|Any CPU
		{CC0F9514-5F1C-4751-8CC0-E490FF31C60E}.Release|Any CPU.Build.0 = Release|Any CPU
	EndGlobalSection
	GlobalSection(SolutionProperties) = preSolution
		HideSolutionNode = FALSE
	EndGlobalSection
	GlobalSection(ExtensibilityGlobals) = postSolution
		SolutionGuid = {63902878-2929-4EC5-910A-B70F603F535A}
	EndGlobalSection
EndGlobal
